
Microsoft Visual Studio Solution File, Format Version 12.00
# Visual Studio Version 17
VisualStudioVersion = 17.9.34622.214
MinimumVisualStudioVersion = 10.0.40219.1
Project("{FAE04EC0-301F-11D3-BF4B-00C04F79EFBC}") = "Project_PRN222", "Project_PRN222\Project_PRN222.csproj", "{408010E1-20F1-49BD-B112-4295557DB19E}"
EndProject
Global
	GlobalSection(SolutionConfigurationPlatforms) = preSolution
		Debug|Any CPU = Debug|Any CPU
		Release|Any CPU = Release|Any CPU
	EndGlobalSection
	GlobalSection(ProjectConfigurationPlatforms) = postSolution
		{408010E1-20F1-49BD-B112-4295557DB19E}.Debug|Any CPU.ActiveCfg = Debug|Any CPU
		{408010E1-20F1-49BD-B112-4295557DB19E}.Debug|Any CPU.Build.0 = Debug|Any CPU
		{408010E1-20F1-49BD-B112-4295557DB19E}.Release|Any CPU.ActiveCfg = Release|Any CPU
		{408010E1-20F1-49BD-B112-4295557DB19E}.Release|Any CPU.Build.0 = Release|Any CPU
	EndGlobalSection
	GlobalSection(SolutionProperties) = preSolution
		HideSolutionNode = FALSE
	EndGlobalSection
	GlobalSection(ExtensibilityGlobals) = postSolution
		SolutionGuid = {04E2BA30-B86A-490A-9CA7-80E3A10DAFE1}
	EndGlobalSection
EndGlobal
